# This file was autogenerated by Stack.
# You should not edit this file by hand.
# For more information, please see the documentation at:
#   https://docs.haskellstack.org/en/stable/topics/lock_files

packages:
- completed:
    hackage: bowtie-0.7.0@sha256:d77a07e38870904ad90ca32f9c41a3f63ea4cd87ebbc2c51571d2a80d369edd5,2080
    pantry-tree:
      sha256: f0627c90d29b9c2959d55077b5488f15aa9acbd6b1ef41136405c7a187c1930c
      size: 752
  original:
    hackage: bowtie-0.7.0
- completed:
    hackage: daytripper-1.0.0@sha256:ad21982bd08e4d5f542ed81020d34c4f0e8ff628b7e559a542c549ac7bbcb2c4,3031
    pantry-tree:
      sha256: c850279a8bd2fa79fc9da7021bc8e11dc403ea231f169da249dc318299a5c7be
      size: 225
  original:
    hackage: daytripper-1.0.0
- completed:
    hackage: looksee-0.8.2@sha256:706203079a952c9fc89cfc60bc1d6dbd1ead6bd58c7dad8b4914d4394d97356f,3293
    pantry-tree:
      sha256: 62e0b0040dfc52a8cfa7a653ab59c73ec225bf08a4b84915ed1b8364707d5a19
      size: 340
  original:
    hackage: looksee-0.8.2
- completed:
    hackage: looksee-trip-0.8.0@sha256:dd57e6fabe306eafa0a81471a6e8d0d43832cdb9ba09012971949d7d6966a157,1845
    pantry-tree:
      sha256: fec8315624165d69904e3a698f2e230e4a00551c3ae19acabefe1c310ab17924
      size: 175
  original:
    hackage: looksee-trip-0.8.0
- completed:
    hackage: prop-unit-1.0.1@sha256:db1fdcc30294c15beff28cc62a5baf34a9d217bea3f3fa49720b406f3fc4e94b,3035
    pantry-tree:
      sha256: 84c321efc37e92481c584086a5b85967b991ee5bb17b3db856221d6eef8480b1
      size: 466
  original:
    hackage: prop-unit-1.0.1
snapshots:
- completed:
    sha256: d141b089a21d9873b5febdf7c53296fb799b7fb602b9d3b003c022a81cc1cc01
    size: 726795
    url: https://raw.githubusercontent.com/commercialhaskell/stackage-snapshots/master/lts/24/30.yaml
  original: lts-24.30
