# This file was autogenerated by Stack.
# You should not edit this file by hand.
# For more information, please see the documentation at:
#   https://docs.haskellstack.org/en/stable/lock_files

packages:
- completed:
    hackage: bowtie-0.4.0@sha256:e64019d9a50df855ea74e1260e2991cc9f79dc489f7ec75996664c067365ba92,2062
    pantry-tree:
      sha256: 84b4615719948835d4982d39f6d4dc0272909f79998b6f796cfffca3aa7968a8
      size: 693
  original:
    hackage: bowtie-0.4.0
- completed:
    hackage: daytripper-0.4.0@sha256:e0c26f81ba199aebe6df4c08f09c8316ec2cd32614ba74032a12b758640872cd,3038
    pantry-tree:
      sha256: 71d0f7be3e9273ee3ab474735d49ef1206db5d6fa026591c0f13c77b8cb632d1
      size: 225
  original:
    hackage: daytripper-0.4.0
- completed:
    hackage: looksee-0.7.0@sha256:d619b72fea050fb21ded721e07e29bd3682b2ebff43b123fdab7d10af04860d0,3261
    pantry-tree:
      sha256: 24fb31660cb6e5cee329e7fd791009ee39068b0381dd4685a14e466e44931e70
      size: 279
  original:
    hackage: looksee-0.7.0
- completed:
    hackage: looksee-trip-0.7.0@sha256:27682e8c2b897affa4ba83817b143eacc910bbb1c727435c45846285860893d4,1837
    pantry-tree:
      sha256: 38eb9aeed0d4b599a6547462840526d050f6f1aa5f6c49a4de0864c9e5b1d7a2
      size: 175
  original:
    hackage: looksee-trip-0.7.0
- completed:
    hackage: prop-unit-0.2.0@sha256:a2cfe8027343565ba577e3ea4c978b18c376e946cb304f39ebeff2c373af4598,2957
    pantry-tree:
      sha256: b0f2b5ded48abfcb3aad0e8d0c9ea39c5117e286a0a163cd14dfb804d80a9eed
      size: 264
  original:
    hackage: prop-unit-0.2.0
snapshots:
- completed:
    sha256: 9444fadfa30b67a93080254d53872478c087592ad64443e47c546cdcd13149ae
    size: 678857
    url: https://raw.githubusercontent.com/commercialhaskell/stackage-snapshots/master/lts/23/0.yaml
  original: lts-23.0
