# This file was autogenerated by Stack.
# You should not edit this file by hand.
# For more information, please see the documentation at:
#   https://docs.haskellstack.org/en/stable/topics/lock_files

packages:
- completed:
    hackage: bowtie-0.8.0@sha256:0b79aacbcf189aa938722421f39476b72665c3cdf65047a66d48a7bcbd40c36b,2109
    pantry-tree:
      sha256: 093740d77f0efa2547dda9af5a8afa09f0123ba16383ee1a4121702a29d1c0b0
      size: 752
  original:
    hackage: bowtie-0.8.0
- completed:
    hackage: daytripper-1.0.1@sha256:bd1492d68b51291690e3341fc69d444ec885351bb8d8cc7f91f0e83ec8c798be,3031
    pantry-tree:
      sha256: 404e0ba35bcbab23ac0fe804d0d710b330630af3c1de60ec9229a34dedddef54
      size: 225
  original:
    hackage: daytripper-1.0.1
- completed:
    hackage: errata-0.4.0.3@sha256:b66989752fd374d984a7a35ef22b7057791aef33cf4191a5cc467f412f7669a7,2335
    pantry-tree:
      sha256: 114c70d54397199672d8523c61b5c40e8402263e74353b6c863c1f82084b1b4d
      size: 809
  original:
    hackage: errata-0.4.0.3
- completed:
    hackage: looksee-0.8.4@sha256:cfbe494ffb9a5686271da60c79062180ed85747e56a672e8876a8577e8e5bcaa,3351
    pantry-tree:
      sha256: b7d6c93996946c1294ca55f585872b0e606be12dafee94733e54490e48ffb94d
      size: 340
  original:
    hackage: looksee-0.8.4
- completed:
    hackage: looksee-trip-0.8.0@sha256:dd57e6fabe306eafa0a81471a6e8d0d43832cdb9ba09012971949d7d6966a157,1845
    pantry-tree:
      sha256: fec8315624165d69904e3a698f2e230e4a00551c3ae19acabefe1c310ab17924
      size: 175
  original:
    hackage: looksee-trip-0.8.0
- completed:
    hackage: prop-unit-1.0.2@sha256:80e2ce717c14c5b6db3aa0e58615d8bb417089c54316aefe748f34243beee61e,3079
    pantry-tree:
      sha256: c6c6ccf32f0a2324b5121251e25af53c3647d095b5c4beb7b374fa7b2ee58f21
      size: 466
  original:
    hackage: prop-unit-1.0.2
- completed:
    hackage: some-1.1@sha256:cf90efa97e997615d684ee116fe9ea092d174db786108d9f1acfd9517d848322,1914
    pantry-tree:
      sha256: a260707e5cf6351fc5ef245152ac21f833f908d8f2d9beeea6eb42ac88804e26
      size: 823
  original:
    hackage: some-1.1
snapshots:
- completed:
    sha256: 53ca0201488b1213f9c4215808984f82686a1ec047c696c01d6b1b498d70869c
    size: 753583
    url: https://raw.githubusercontent.com/commercialhaskell/stackage-snapshots/master/nightly/2026/5/27.yaml
  original: nightly-2026-05-27
